
Microsoft Visual Studio Solution File, Format Version 12.00
# Visual Studio Version 17
VisualStudioVersion = 17.12.35728.132
MinimumVisualStudioVersion = 10.0.40219.1
Project("{FAE04EC0-301F-11D3-BF4B-00C04F79EFBC}") = "NeftchiLLC.Api", "NeftchiLLC.Api\NeftchiLLC.Api.csproj", "{8ED9756C-A111-40E7-81A9-E68E5A5A26CB}"
EndProject
Project("{2150E333-8FDC-42A3-9474-1A3956D46DE8}") = "Presentation", "Presentation", "{16A54E52-F55E-4410-9E8A-F9CD3D02690B}"
EndProject
Project("{2150E333-8FDC-42A3-9474-1A3956D46DE8}") = "Core", "Core", "{ABF07181-2E50-45D3-9C2C-FD55BC8164F1}"
EndProject
Project("{FAE04EC0-301F-11D3-BF4B-00C04F79EFBC}") = "NeftchiLLC.Application", "NeftchiLLC.Application\NeftchiLLC.Application.csproj", "{DC24CA3B-D53C-478B-ADAE-5FFE56E6686B}"
EndProject
Project("{FAE04EC0-301F-11D3-BF4B-00C04F79EFBC}") = "NeftchiLLC.Domain", "NeftchiLLC.Domain\NeftchiLLC.Domain.csproj", "{832828CD-B22A-44DE-8097-00A8DF1FD4B8}"
EndProject
Project("{2150E333-8FDC-42A3-9474-1A3956D46DE8}") = "Infrastructure", "Infrastructure", "{74647D6B-32C8-4022-B9B2-3E6D390E9396}"
EndProject
Project("{FAE04EC0-301F-11D3-BF4B-00C04F79EFBC}") = "NeftchiLLC.Repositories", "NeftchiLLC.Repositories\NeftchiLLC.Repositories.csproj", "{AF5D029F-8A0F-41DE-AC70-762DC94CAD8D}"
EndProject
Global
	GlobalSection(SolutionConfigurationPlatforms) = preSolution
		Debug|Any CPU = Debug|Any CPU
		Release|Any CPU = Release|Any CPU
	EndGlobalSection
	GlobalSection(ProjectConfigurationPlatforms) = postSolution
		{8ED9756C-A111-40E7-81A9-E68E5A5A26CB}.Debug|Any CPU.ActiveCfg = Debug|Any CPU
		{8ED9756C-A111-40E7-81A9-E68E5A5A26CB}.Debug|Any CPU.Build.0 = Debug|Any CPU
		{8ED9756C-A111-40E7-81A9-E68E5A5A26CB}.Release|Any CPU.ActiveCfg = Release|Any CPU
		{8ED9756C-A111-40E7-81A9-E68E5A5A26CB}.Release|Any CPU.Build.0 = Release|Any CPU
		{DC24CA3B-D53C-478B-ADAE-5FFE56E6686B}.Debug|Any CPU.ActiveCfg = Debug|Any CPU
		{DC24CA3B-D53C-478B-ADAE-5FFE56E6686B}.Debug|Any CPU.Build.0 = Debug|Any CPU
		{DC24CA3B-D53C-478B-ADAE-5FFE56E6686B}.Release|Any CPU.ActiveCfg = Release|Any CPU
		{DC24CA3B-D53C-478B-ADAE-5FFE56E6686B}.Release|Any CPU.Build.0 = Release|Any CPU
		{832828CD-B22A-44DE-8097-00A8DF1FD4B8}.Debug|Any CPU.ActiveCfg = Debug|Any CPU
		{832828CD-B22A-44DE-8097-00A8DF1FD4B8}.Debug|Any CPU.Build.0 = Debug|Any CPU
		{832828CD-B22A-44DE-8097-00A8DF1FD4B8}.Release|Any CPU.ActiveCfg = Release|Any CPU
		{832828CD-B22A-44DE-8097-00A8DF1FD4B8}.Release|Any CPU.Build.0 = Release|Any CPU
		{AF5D029F-8A0F-41DE-AC70-762DC94CAD8D}.Debug|Any CPU.ActiveCfg = Debug|Any CPU
		{AF5D029F-8A0F-41DE-AC70-762DC94CAD8D}.Debug|Any CPU.Build.0 = Debug|Any CPU
		{AF5D029F-8A0F-41DE-AC70-762DC94CAD8D}.Release|Any CPU.ActiveCfg = Release|Any CPU
		{AF5D029F-8A0F-41DE-AC70-762DC94CAD8D}.Release|Any CPU.Build.0 = Release|Any CPU
	EndGlobalSection
	GlobalSection(SolutionProperties) = preSolution
		HideSolutionNode = FALSE
	EndGlobalSection
	GlobalSection(NestedProjects) = preSolution
		{8ED9756C-A111-40E7-81A9-E68E5A5A26CB} = {16A54E52-F55E-4410-9E8A-F9CD3D02690B}
		{DC24CA3B-D53C-478B-ADAE-5FFE56E6686B} = {ABF07181-2E50-45D3-9C2C-FD55BC8164F1}
		{832828CD-B22A-44DE-8097-00A8DF1FD4B8} = {ABF07181-2E50-45D3-9C2C-FD55BC8164F1}
		{AF5D029F-8A0F-41DE-AC70-762DC94CAD8D} = {74647D6B-32C8-4022-B9B2-3E6D390E9396}
	EndGlobalSection
EndGlobal
